{
    "name": "ccd-tunnel-helper",
    "version": "1.0.0",
    "lockfileVersion": 2,
    "requires": true,
    "packages": {
        "": {
            "name": "ccd-tunnel-helper",
            "version": "1.0.0",
            "bin": {
                "ccd-tunnel-helper": "src/ccd-tunnel-helper.js"
            }
        }
    }
}
